Microsoft Visual Studio Solution File, Format Version 12.00
# Visual Studio Version 17
VisualStudioVersion = 17.5.2.0
MinimumVisualStudioVersion = 10.0.40219.1
Project("{FAE04EC0-301F-11D3-BF4B-00C04F79EFBC}") = "DPService", "DPService\DPService.csproj", "{7B5D71AF-FCDB-2151-7C24-F0E4A8B59703}"
EndProject
Global
	GlobalSection(SolutionConfigurationPlatforms) = preSolution
		Debug|Any CPU = Debug|Any CPU
		Release|Any CPU = Release|Any CPU
	EndGlobalSection
	GlobalSection(ProjectConfigurationPlatforms) = postSolution
		{7B5D71AF-FCDB-2151-7C24-F0E4A8B59703}.Debug|Any CPU.ActiveCfg = Debug|Any CPU
		{7B5D71AF-FCDB-2151-7C24-F0E4A8B59703}.Debug|Any CPU.Build.0 = Debug|Any CPU
		{7B5D71AF-FCDB-2151-7C24-F0E4A8B59703}.Release|Any CPU.ActiveCfg = Release|Any CPU
		{7B5D71AF-FCDB-2151-7C24-F0E4A8B59703}.Release|Any CPU.Build.0 = Release|Any CPU
	EndGlobalSection
	GlobalSection(SolutionProperties) = preSolution
		HideSolutionNode = FALSE
	EndGlobalSection
	GlobalSection(ExtensibilityGlobals) = postSolution
		SolutionGuid = {1F7F4CE4-F29D-407E-AF50-C62E6B056957}
	EndGlobalSection
EndGlobal
